
Microsoft Visual Studio Solution File, Format Version 12.00
# Visual Studio Version 17
VisualStudioVersion = 17.5.33516.290
MinimumVisualStudioVersion = 10.0.40219.1
Project("{8BC9CEB8-8B4A-11D0-8D11-00A0C91BC942}") = "ParadigmaOOP_119", "ParadigmaOOP_119\ParadigmaOOP_119.vcxproj", "{B885A74D-6DF9-4C3C-895D-AB6E1DB86BDF}"
EndProject
Project("{8BC9CEB8-8B4A-11D0-8D11-00A0C91BC942}") = "Asosiasi_119", "Asosiasi_119\Asosiasi_119.vcxproj", "{8623F439-D9F9-470F-A459-243D69FCB8A4}"
EndProject
Global
	GlobalSection(SolutionConfigurationPlatforms) = preSolution
		Debug|x64 = Debug|x64
		Debug|x86 = Debug|x86
		Release|x64 = Release|x64
		Release|x86 = Release|x86
	EndGlobalSection
	GlobalSection(ProjectConfigurationPlatforms) = postSolution
		{B885A74D-6DF9-4C3C-895D-AB6E1DB86BDF}.Debug|x64.ActiveCfg = Debug|x64
		{B885A74D-6DF9-4C3C-895D-AB6E1DB86BDF}.Debug|x64.Build.0 = Debug|x64
		{B885A74D-6DF9-4C3C-895D-AB6E1DB86BDF}.Debug|x86.ActiveCfg = Debug|Win32
		{B885A74D-6DF9-4C3C-895D-AB6E1DB86BDF}.Debug|x86.Build.0 = Debug|Win32
		{B885A74D-6DF9-4C3C-895D-AB6E1DB86BDF}.Release|x64.ActiveCfg = Release|x64
		{B885A74D-6DF9-4C3C-895D-AB6E1DB86BDF}.Release|x64.Build.0 = Release|x64
		{B885A74D-6DF9-4C3C-895D-AB6E1DB86BDF}.Release|x86.ActiveCfg = Release|Win32
		{B885A74D-6DF9-4C3C-895D-AB6E1DB86BDF}.Release|x86.Build.0 = Release|Win32
		{8623F439-D9F9-470F-A459-243D69FCB8A4}.Debug|x64.ActiveCfg = Debug|x64
		{8623F439-D9F9-470F-A459-243D69FCB8A4}.Debug|x64.Build.0 = Debug|x64
		{8623F439-D9F9-470F-A459-243D69FCB8A4}.Debug|x86.ActiveCfg = Debug|Win32
		{8623F439-D9F9-470F-A459-243D69FCB8A4}.Debug|x86.Build.0 = Debug|Win32
		{8623F439-D9F9-470F-A459-243D69FCB8A4}.Release|x64.ActiveCfg = Release|x64
		{8623F439-D9F9-470F-A459-243D69FCB8A4}.Release|x64.Build.0 = Release|x64
		{8623F439-D9F9-470F-A459-243D69FCB8A4}.Release|x86.ActiveCfg = Release|Win32
		{8623F439-D9F9-470F-A459-243D69FCB8A4}.Release|x86.Build.0 = Release|Win32
	EndGlobalSection
	GlobalSection(SolutionProperties) = preSolution
		HideSolutionNode = FALSE
	EndGlobalSection
	GlobalSection(ExtensibilityGlobals) = postSolution
		SolutionGuid = {F9E0DE04-BC94-49BD-950A-404E49DA9CB9}
	EndGlobalSection
EndGlobal
